
Microsoft Visual Studio Solution File, Format Version 12.00
# Visual Studio 15
VisualStudioVersion = 15.0.26430.16
MinimumVisualStudioVersion = 10.0.40219.1
Project("{2150E333-8FDC-42A3-9474-1A3956D46DE8}") = "Engine", "Engine", "{5DE56DFB-0281-4562-82BF-9D7B5313E3A3}"
EndProject
Project("{2150E333-8FDC-42A3-9474-1A3956D46DE8}") = "Games", "Games", "{3946CDFC-83A4-454A-B2D9-61EE331DFC9C}"
EndProject
Project("{8BC9CEB8-8B4A-11D0-8D11-00A0C91BC942}") = "UE4", "Intermediate\ProjectFiles\UE4.vcxproj", "{44DA1E09-D71C-4A72-982A-9B25DB1F9297}"
EndProject
Project("{8BC9CEB8-8B4A-11D0-8D11-00A0C91BC942}") = "BatteryCollector", "Intermediate\ProjectFiles\BatteryCollector.vcxproj", "{A7BA73AD-52C5-4610-AF73-B44B2EFD6AFF}"
EndProject
Global
	GlobalSection(SolutionConfigurationPlatforms) = preSolution
		DebugGame Editor|HTML5 = DebugGame Editor|HTML5
		DebugGame Editor|Win32 = DebugGame Editor|Win32
		DebugGame Editor|Win64 = DebugGame Editor|Win64
		DebugGame|HTML5 = DebugGame|HTML5
		DebugGame|Win32 = DebugGame|Win32
		DebugGame|Win64 = DebugGame|Win64
		Development Editor|HTML5 = Development Editor|HTML5
		Development Editor|Win32 = Development Editor|Win32
		Development Editor|Win64 = Development Editor|Win64
		Development|HTML5 = Development|HTML5
		Development|Win32 = Development|Win32
		Development|Win64 = Development|Win64
		Shipping|HTML5 = Shipping|HTML5
		Shipping|Win32 = Shipping|Win32
		Shipping|Win64 = Shipping|Win64
	EndGlobalSection
	GlobalSection(ProjectConfigurationPlatforms) = postSolution
		{44DA1E09-D71C-4A72-982A-9B25DB1F9297}.DebugGame Editor|HTML5.ActiveCfg = BuiltWithUnrealBuildTool|Win32
		{44DA1E09-D71C-4A72-982A-9B25DB1F9297}.DebugGame Editor|HTML5.Build.0 = BuiltWithUnrealBuildTool|Win32
		{44DA1E09-D71C-4A72-982A-9B25DB1F9297}.DebugGame Editor|Win32.ActiveCfg = BuiltWithUnrealBuildTool|Win32
		{44DA1E09-D71C-4A72-982A-9B25DB1F9297}.DebugGame Editor|Win32.Build.0 = BuiltWithUnrealBuildTool|Win32
		{44DA1E09-D71C-4A72-982A-9B25DB1F9297}.DebugGame Editor|Win64.ActiveCfg = BuiltWithUnrealBuildTool|Win32
		{44DA1E09-D71C-4A72-982A-9B25DB1F9297}.DebugGame Editor|Win64.Build.0 = BuiltWithUnrealBuildTool|Win32
		{44DA1E09-D71C-4A72-982A-9B25DB1F9297}.DebugGame|HTML5.ActiveCfg = BuiltWithUnrealBuildTool|Win32
		{44DA1E09-D71C-4A72-982A-9B25DB1F9297}.DebugGame|HTML5.Build.0 = BuiltWithUnrealBuildTool|Win32
		{44DA1E09-D71C-4A72-982A-9B25DB1F9297}.DebugGame|Win32.ActiveCfg = BuiltWithUnrealBuildTool|Win32
		{44DA1E09-D71C-4A72-982A-9B25DB1F9297}.DebugGame|Win32.Build.0 = BuiltWithUnrealBuildTool|Win32
		{44DA1E09-D71C-4A72-982A-9B25DB1F9297}.DebugGame|Win64.ActiveCfg = BuiltWithUnrealBuildTool|Win32
		{44DA1E09-D71C-4A72-982A-9B25DB1F9297}.DebugGame|Win64.Build.0 = BuiltWithUnrealBuildTool|Win32
		{44DA1E09-D71C-4A72-982A-9B25DB1F9297}.Development Editor|HTML5.ActiveCfg = BuiltWithUnrealBuildTool|Win32
		{44DA1E09-D71C-4A72-982A-9B25DB1F9297}.Development Editor|HTML5.Build.0 = BuiltWithUnrealBuildTool|Win32
		{44DA1E09-D71C-4A72-982A-9B25DB1F9297}.Development Editor|Win32.ActiveCfg = BuiltWithUnrealBuildTool|Win32
		{44DA1E09-D71C-4A72-982A-9B25DB1F9297}.Development Editor|Win32.Build.0 = BuiltWithUnrealBuildTool|Win32
		{44DA1E09-D71C-4A72-982A-9B25DB1F9297}.Development Editor|Win64.ActiveCfg = BuiltWithUnrealBuildTool|Win32
		{44DA1E09-D71C-4A72-982A-9B25DB1F9297}.Development Editor|Win64.Build.0 = BuiltWithUnrealBuildTool|Win32
		{44DA1E09-D71C-4A72-982A-9B25DB1F9297}.Development|HTML5.ActiveCfg = BuiltWithUnrealBuildTool|Win32
		{44DA1E09-D71C-4A72-982A-9B25DB1F9297}.Development|HTML5.Build.0 = BuiltWithUnrealBuildTool|Win32
		{44DA1E09-D71C-4A72-982A-9B25DB1F9297}.Development|Win32.ActiveCfg = BuiltWithUnrealBuildTool|Win32
		{44DA1E09-D71C-4A72-982A-9B25DB1F9297}.Development|Win32.Build.0 = BuiltWithUnrealBuildTool|Win32
		{44DA1E09-D71C-4A72-982A-9B25DB1F9297}.Development|Win64.ActiveCfg = BuiltWithUnrealBuildTool|Win32
		{44DA1E09-D71C-4A72-982A-9B25DB1F9297}.Development|Win64.Build.0 = BuiltWithUnrealBuildTool|Win32
		{44DA1E09-D71C-4A72-982A-9B25DB1F9297}.Shipping|HTML5.ActiveCfg = BuiltWithUnrealBuildTool|Win32
		{44DA1E09-D71C-4A72-982A-9B25DB1F9297}.Shipping|HTML5.Build.0 = BuiltWithUnrealBuildTool|Win32
		{44DA1E09-D71C-4A72-982A-9B25DB1F9297}.Shipping|Win32.ActiveCfg = BuiltWithUnrealBuildTool|Win32
		{44DA1E09-D71C-4A72-982A-9B25DB1F9297}.Shipping|Win32.Build.0 = BuiltWithUnrealBuildTool|Win32
		{44DA1E09-D71C-4A72-982A-9B25DB1F9297}.Shipping|Win64.ActiveCfg = BuiltWithUnrealBuildTool|Win32
		{44DA1E09-D71C-4A72-982A-9B25DB1F9297}.Shipping|Win64.Build.0 = BuiltWithUnrealBuildTool|Win32
		{A7BA73AD-52C5-4610-AF73-B44B2EFD6AFF}.DebugGame Editor|HTML5.ActiveCfg = HTML5_DebugGame_Editor|Win32
		{A7BA73AD-52C5-4610-AF73-B44B2EFD6AFF}.DebugGame Editor|Win32.ActiveCfg = DebugGame_Editor|Win32
		{A7BA73AD-52C5-4610-AF73-B44B2EFD6AFF}.DebugGame Editor|Win64.ActiveCfg = DebugGame_Editor|x64
		{A7BA73AD-52C5-4610-AF73-B44B2EFD6AFF}.DebugGame Editor|Win64.Build.0 = DebugGame_Editor|x64
		{A7BA73AD-52C5-4610-AF73-B44B2EFD6AFF}.DebugGame|HTML5.ActiveCfg = HTML5_DebugGame_Game|Win32
		{A7BA73AD-52C5-4610-AF73-B44B2EFD6AFF}.DebugGame|HTML5.Build.0 = HTML5_DebugGame_Game|Win32
		{A7BA73AD-52C5-4610-AF73-B44B2EFD6AFF}.DebugGame|Win32.ActiveCfg = DebugGame_Game|Win32
		{A7BA73AD-52C5-4610-AF73-B44B2EFD6AFF}.DebugGame|Win32.Build.0 = DebugGame_Game|Win32
		{A7BA73AD-52C5-4610-AF73-B44B2EFD6AFF}.DebugGame|Win64.ActiveCfg = DebugGame_Game|x64
		{A7BA73AD-52C5-4610-AF73-B44B2EFD6AFF}.DebugGame|Win64.Build.0 = DebugGame_Game|x64
		{A7BA73AD-52C5-4610-AF73-B44B2EFD6AFF}.Development Editor|HTML5.ActiveCfg = HTML5_Development_Editor|Win32
		{A7BA73AD-52C5-4610-AF73-B44B2EFD6AFF}.Development Editor|Win32.ActiveCfg = Development_Editor|Win32
		{A7BA73AD-52C5-4610-AF73-B44B2EFD6AFF}.Development Editor|Win64.ActiveCfg = Development_Editor|x64
		{A7BA73AD-52C5-4610-AF73-B44B2EFD6AFF}.Development Editor|Win64.Build.0 = Development_Editor|x64
		{A7BA73AD-52C5-4610-AF73-B44B2EFD6AFF}.Development|HTML5.ActiveCfg = HTML5_Development_Game|Win32
		{A7BA73AD-52C5-4610-AF73-B44B2EFD6AFF}.Development|HTML5.Build.0 = HTML5_Development_Game|Win32
		{A7BA73AD-52C5-4610-AF73-B44B2EFD6AFF}.Development|Win32.ActiveCfg = Development_Game|Win32
		{A7BA73AD-52C5-4610-AF73-B44B2EFD6AFF}.Development|Win32.Build.0 = Development_Game|Win32
		{A7BA73AD-52C5-4610-AF73-B44B2EFD6AFF}.Development|Win64.ActiveCfg = Development_Game|x64
		{A7BA73AD-52C5-4610-AF73-B44B2EFD6AFF}.Development|Win64.Build.0 = Development_Game|x64
		{A7BA73AD-52C5-4610-AF73-B44B2EFD6AFF}.Shipping|HTML5.ActiveCfg = HTML5_Shipping_Game|Win32
		{A7BA73AD-52C5-4610-AF73-B44B2EFD6AFF}.Shipping|HTML5.Build.0 = HTML5_Shipping_Game|Win32
		{A7BA73AD-52C5-4610-AF73-B44B2EFD6AFF}.Shipping|Win32.ActiveCfg = Shipping_Game|Win32
		{A7BA73AD-52C5-4610-AF73-B44B2EFD6AFF}.Shipping|Win32.Build.0 = Shipping_Game|Win32
		{A7BA73AD-52C5-4610-AF73-B44B2EFD6AFF}.Shipping|Win64.ActiveCfg = Shipping_Game|x64
		{A7BA73AD-52C5-4610-AF73-B44B2EFD6AFF}.Shipping|Win64.Build.0 = Shipping_Game|x64
	EndGlobalSection
	GlobalSection(SolutionProperties) = preSolution
		HideSolutionNode = FALSE
	EndGlobalSection
	GlobalSection(NestedProjects) = preSolution
		{44DA1E09-D71C-4A72-982A-9B25DB1F9297} = {5DE56DFB-0281-4562-82BF-9D7B5313E3A3}
		{A7BA73AD-52C5-4610-AF73-B44B2EFD6AFF} = {3946CDFC-83A4-454A-B2D9-61EE331DFC9C}
	EndGlobalSection
EndGlobal
